{
  "name": "koaTest",
  "version": "1.0.0",
  "lockfileVersion": 1,
  "requires": true,
  "dependencies": {
    "@types/accepts": {
      "version": "1.3.7",
      "resolved": "http://r.npm.sankuai.com/@types/accepts/download/@types/accepts-1.3.7.tgz",
      "integrity": "sha1-O5ixiJ0rI4ZgTCu75i5PtR6VsmU=",
      "requires": {
        "@types/node": "*"
      }
    },
    "@types/body-parser": {
      "version": "1.19.5",
      "resolved": "http://r.npm.sankuai.com/@types/body-parser/download/@types/body-parser-1.19.5.tgz",
      "integrity": "sha1-BM6aO2d9yL1oGhfaGrmDXcnT7eQ=",
      "requires": {
        "@types/connect": "*",
        "@types/node": "*"
      }
    },
    "@types/co-body": {
      "version": "6.1.0",
      "resolved": "http://r.npm.sankuai.com/@types/co-body/download/@types/co-body-6.1.0.tgz",
      "integrity": "sha1-tSYlOQ6w0RPJtpfqksP/rndAzbk=",
      "requires": {
        "@types/node": "*",
        "@types/qs": "*"
      }
    },
    "@types/connect": {
      "version": "3.4.38",
      "resolved": "http://r.npm.sankuai.com/@types/connect/download/@types/connect-3.4.38.tgz",
      "integrity": "sha1-W6fzvE+73q/43e2VLl/yzFP42Fg=",
      "requires": {
        "@types/node": "*"
      }
    },
    "@types/content-disposition": {
      "version": "0.5.6",
      "resolved": "http://r.npm.sankuai.com/@types/content-disposition/download/@types/content-disposition-0.5.6.tgz",
      "integrity": "sha1-D1+gNgnzCKehpX4LCv5LlfHRl0A="
    },
    "@types/cookies": {
      "version": "0.7.8",
      "resolved": "http://r.npm.sankuai.com/@types/cookies/download/@types/cookies-0.7.8.tgz",
      "integrity": "sha1-FvzNbVhROpgzxSdwGpDMltIWvBg=",
      "requires": {
        "@types/connect": "*",
        "@types/express": "*",
        "@types/keygrip": "*",
        "@types/node": "*"
      }
    },
    "@types/express": {
      "version": "4.17.21",
      "resolved": "http://r.npm.sankuai.com/@types/express/download/@types/express-4.17.21.tgz",
      "integrity": "sha1-wm1KFR5g7+AISyPcM2nrxjHtGS0=",
      "requires": {
        "@types/body-parser": "*",
        "@types/express-serve-static-core": "^4.17.33",
        "@types/qs": "*",
        "@types/serve-static": "*"
      }
    },
    "@types/express-serve-static-core": {
      "version": "4.17.41",
      "resolved": "http://r.npm.sankuai.com/@types/express-serve-static-core/download/@types/express-serve-static-core-4.17.41.tgz",
      "integrity": "sha1-UHfe+mMMLo0oqp/8LAHBV8MFvvY=",
      "requires": {
        "@types/node": "*",
        "@types/qs": "*",
        "@types/range-parser": "*",
        "@types/send": "*"
      }
    },
    "@types/formidable": {
      "version": "2.0.5",
      "resolved": "http://r.npm.sankuai.com/@types/formidable/download/@types/formidable-2.0.5.tgz",
      "integrity": "sha1-5U4x0kLvdQrC0FqhY/oCdMjm75w=",
      "requires": {
        "@types/node": "*"
      }
    },
    "@types/http-assert": {
      "version": "1.5.3",
      "resolved": "http://r.npm.sankuai.com/@types/http-assert/download/@types/http-assert-1.5.3.tgz",
      "integrity": "sha1-7449Go1Gw4fwSrDy6KuMsMUHhmE="
    },
    "@types/http-errors": {
      "version": "2.0.3",
      "resolved": "http://r.npm.sankuai.com/@types/http-errors/download/@types/http-errors-2.0.3.tgz",
      "integrity": "sha1-xU5h95s5R9BA8VCr1Y9x77Qi/2I="
    },
    "@types/keygrip": {
      "version": "1.0.3",
      "resolved": "http://r.npm.sankuai.com/@types/keygrip/download/@types/keygrip-1.0.3.tgz",
      "integrity": "sha1-Ioaxbvcdjep02rAJAu9BmlQ0G/4="
    },
    "@types/koa": {
      "version": "2.13.9",
      "resolved": "http://r.npm.sankuai.com/@types/koa/download/@types/koa-2.13.9.tgz",
      "integrity": "sha1-jZiawX1/AzR1++NMT5BskofCBBo=",
      "requires": {
        "@types/accepts": "*",
        "@types/content-disposition": "*",
        "@types/cookies": "*",
        "@types/http-assert": "*",
        "@types/http-errors": "*",
        "@types/keygrip": "*",
        "@types/koa-compose": "*",
        "@types/node": "*"
      }
    },
    "@types/koa-compose": {
      "version": "3.2.6",
      "resolved": "http://r.npm.sankuai.com/@types/koa-compose/download/@types/koa-compose-3.2.6.tgz",
      "integrity": "sha1-F6B3eG0Kxe7gTDen1sIHsyUvbek=",
      "requires": {
        "@types/koa": "*"
      }
    },
    "@types/mime": {
      "version": "1.3.4",
      "resolved": "http://r.npm.sankuai.com/@types/mime/download/@types/mime-1.3.4.tgz",
      "integrity": "sha1-pO2DbgaUkUFLq5LDH96p5VesoNk="
    },
    "@types/node": {
      "version": "20.9.1",
      "resolved": "http://r.npm.sankuai.com/@types/node/download/@types/node-20.9.1.tgz",
      "integrity": "sha1-nVeMYQzh6YSt2gh/aFrOlAlU/hk=",
      "requires": {
        "undici-types": "~5.26.4"
      }
    },
    "@types/qs": {
      "version": "6.9.10",
      "resolved": "http://r.npm.sankuai.com/@types/qs/download/@types/qs-6.9.10.tgz",
      "integrity": "sha1-CvJoRbUGfhyaYiZYpR9go5NNUeg="
    },
    "@types/range-parser": {
      "version": "1.2.6",
      "resolved": "http://r.npm.sankuai.com/@types/range-parser/download/@types/range-parser-1.2.6.tgz",
      "integrity": "sha1-fLM5kgSf1zQNWxDACY4QQYTfzSo="
    },
    "@types/send": {
      "version": "0.17.3",
      "resolved": "http://r.npm.sankuai.com/@types/send/download/@types/send-0.17.3.tgz",
      "integrity": "sha1-gbLqWjoYqtNXQFry1kPMvloJAgs=",
      "requires": {
        "@types/mime": "^1",
        "@types/node": "*"
      }
    },
    "@types/serve-static": {
      "version": "1.15.4",
      "resolved": "http://r.npm.sankuai.com/@types/serve-static/download/@types/serve-static-1.15.4.tgz",
      "integrity": "sha1-RLWJWmjKY38GwikRnhx3TKiPgbI=",
      "requires": {
        "@types/http-errors": "*",
        "@types/mime": "*",
        "@types/node": "*"
      }
    },
    "accepts": {
      "version": "1.3.8",
      "resolved": "http://r.npm.sankuai.com/accepts/download/accepts-1.3.8.tgz",
      "integrity": "sha1-C/C+EltnAUrcsLCSHmLbe//hay4=",
      "requires": {
        "mime-types": "~2.1.34",
        "negotiator": "0.6.3"
      }
    },
    "any-promise": {
      "version": "1.3.0",
      "resolved": "http://r.npm.sankuai.com/any-promise/download/any-promise-1.3.0.tgz",
      "integrity": "sha1-q8av7tzqUugJzcA3au0845Y10X8="
    },
    "append-field": {
      "version": "0.1.0",
      "resolved": "http://r.npm.sankuai.com/append-field/download/append-field-0.1.0.tgz",
      "integrity": "sha1-bdxY+gg8e8VF08WZWygwzCNm1Eo="
    },
    "asap": {
      "version": "2.0.6",
      "resolved": "http://r.npm.sankuai.com/asap/download/asap-2.0.6.tgz",
      "integrity": "sha1-5QNHYR1+aQlDIIu9r+vLwvuGbUY="
    },
    "balanced-match": {
      "version": "1.0.2",
      "resolved": "http://r.npm.sankuai.com/balanced-match/download/balanced-match-1.0.2.tgz",
      "integrity": "sha1-6D46fj8wCzTLnYf2FfoMvzV2kO4="
    },
    "brace-expansion": {
      "version": "1.1.11",
      "resolved": "http://r.npm.sankuai.com/brace-expansion/download/brace-expansion-1.1.11.tgz",
      "integrity": "sha1-PH/L9SnYcibz0vUrlm/1Jx60Qd0=",
      "requires": {
        "balanced-match": "^1.0.0",
        "concat-map": "0.0.1"
      }
    },
    "buffer-from": {
      "version": "1.1.2",
      "resolved": "http://r.npm.sankuai.com/buffer-from/download/buffer-from-1.1.2.tgz",
      "integrity": "sha1-KxRqb9cugLT1XSVfNe1Zo6mkG9U="
    },
    "busboy": {
      "version": "0.2.14",
      "resolved": "http://r.npm.sankuai.com/busboy/download/busboy-0.2.14.tgz",
      "integrity": "sha1-bCpiLvz0fFe7vh4qnDetNseSVFM=",
      "requires": {
        "dicer": "0.2.5",
        "readable-stream": "1.1.x"
      }
    },
    "bytes": {
      "version": "3.1.2",
      "resolved": "http://r.npm.sankuai.com/bytes/download/bytes-3.1.2.tgz",
      "integrity": "sha1-iwvuuYYFrfGxKPpDhkA8AJ4CIaU="
    },
    "cache-content-type": {
      "version": "1.0.1",
      "resolved": "http://r.npm.sankuai.com/cache-content-type/download/cache-content-type-1.0.1.tgz",
      "integrity": "sha1-A1zeKwjuISn0qDFeqPAKANuhRTw=",
      "requires": {
        "mime-types": "^2.1.18",
        "ylru": "^1.2.0"
      }
    },
    "call-bind": {
      "version": "1.0.5",
      "resolved": "http://r.npm.sankuai.com/call-bind/download/call-bind-1.0.5.tgz",
      "integrity": "sha1-b6K3hFzg6km/TYue9kcnosLi5RM=",
      "requires": {
        "function-bind": "^1.1.2",
        "get-intrinsic": "^1.2.1",
        "set-function-length": "^1.1.1"
      }
    },
    "co": {
      "version": "4.6.0",
      "resolved": "http://r.npm.sankuai.com/co/download/co-4.6.0.tgz",
      "integrity": "sha1-bqa989hTrlTMuOR7+gvz+QMfsYQ="
    },
    "co-body": {
      "version": "6.1.0",
      "resolved": "http://r.npm.sankuai.com/co-body/download/co-body-6.1.0.tgz",
      "integrity": "sha1-2HqO/DVk+b/jrO2O9c0Ex6h2ZUc=",
      "requires": {
        "inflation": "^2.0.0",
        "qs": "^6.5.2",
        "raw-body": "^2.3.3",
        "type-is": "^1.6.16"
      }
    },
    "concat-map": {
      "version": "0.0.1",
      "resolved": "http://r.npm.sankuai.com/concat-map/download/concat-map-0.0.1.tgz",
      "integrity": "sha1-2Klr13/Wjfd5OnMDajug1UBdR3s="
    },
    "concat-stream": {
      "version": "1.6.2",
      "resolved": "http://r.npm.sankuai.com/concat-stream/download/concat-stream-1.6.2.tgz",
      "integrity": "sha1-kEvfGUzTEi/Gdcd/xKw9T/D9GjQ=",
      "requires": {
        "buffer-from": "^1.0.0",
        "inherits": "^2.0.3",
        "readable-stream": "^2.2.2",
        "typedarray": "^0.0.6"
      },
      "dependencies": {
        "isarray": {
          "version": "1.0.0",
          "resolved": "http://r.npm.sankuai.com/isarray/download/isarray-1.0.0.tgz",
          "integrity": "sha1-u5NdSFgsuhaMBoNJV6VKPgcSTxE="
        },
        "readable-stream": {
          "version": "2.3.8",
          "resolved": "http://r.npm.sankuai.com/readable-stream/download/readable-stream-2.3.8.tgz",
          "integrity": "sha1-kRJegEK7obmIf0k0X2J3Anzovps=",
          "requires": {
            "core-util-is": "~1.0.0",
            "inherits": "~2.0.3",
            "isarray": "~1.0.0",
            "process-nextick-args": "~2.0.0",
            "safe-buffer": "~5.1.1",
            "string_decoder": "~1.1.1",
            "util-deprecate": "~1.0.1"
          }
        },
        "safe-buffer": {
          "version": "5.1.2",
          "resolved": "http://r.npm.sankuai.com/safe-buffer/download/safe-buffer-5.1.2.tgz",
          "integrity": "sha1-mR7GnSluAxN0fVm9/St0XDX4go0="
        },
        "string_decoder": {
          "version": "1.1.1",
          "resolved": "http://r.npm.sankuai.com/string_decoder/download/string_decoder-1.1.1.tgz",
          "integrity": "sha1-nPFhG6YmhdcDCunkujQUnDrwP8g=",
          "requires": {
            "safe-buffer": "~5.1.0"
          }
        }
      }
    },
    "content-disposition": {
      "version": "0.5.4",
      "resolved": "http://r.npm.sankuai.com/content-disposition/download/content-disposition-0.5.4.tgz",
      "integrity": "sha1-i4K076yCUSoCuwsdzsnSxejrW/4=",
      "requires": {
        "safe-buffer": "5.2.1"
      }
    },
    "content-type": {
      "version": "1.0.5",
      "resolved": "http://r.npm.sankuai.com/content-type/download/content-type-1.0.5.tgz",
      "integrity": "sha1-i3cxYmVtHRCGeEyPI6VM5tc9eRg="
    },
    "cookies": {
      "version": "0.8.0",
      "resolved": "http://r.npm.sankuai.com/cookies/download/cookies-0.8.0.tgz",
      "integrity": "sha1-EpPOSzkXQKhAbjyYcOgoxLVPP5A=",
      "requires": {
        "depd": "~2.0.0",
        "keygrip": "~1.1.0"
      }
    },
    "copy-to": {
      "version": "2.0.1",
      "resolved": "http://r.npm.sankuai.com/copy-to/download/copy-to-2.0.1.tgz",
      "integrity": "sha1-JoD7uAaKSNCGVrYJgJK9r8kG9KU="
    },
    "core-util-is": {
      "version": "1.0.3",
      "resolved": "http://r.npm.sankuai.com/core-util-is/download/core-util-is-1.0.3.tgz",
      "integrity": "sha1-pgQtNjTCsn6TKPg3uWX6yDgI24U="
    },
    "debug": {
      "version": "4.3.4",
      "resolved": "http://r.npm.sankuai.com/debug/download/debug-4.3.4.tgz",
      "integrity": "sha1-Exn2V5NX8jONMzfSzdSRS7XcyGU=",
      "requires": {
        "ms": "2.1.2"
      }
    },
    "deep-equal": {
      "version": "1.0.1",
      "resolved": "http://r.npm.sankuai.com/deep-equal/download/deep-equal-1.0.1.tgz",
      "integrity": "sha1-9dJgKStmDghO/0zbyfCK0yR0SLU="
    },
    "define-data-property": {
      "version": "1.1.1",
      "resolved": "http://r.npm.sankuai.com/define-data-property/download/define-data-property-1.1.1.tgz",
      "integrity": "sha1-w1980KsJiDSA0SrFyyE3FVh4ALM=",
      "requires": {
        "get-intrinsic": "^1.2.1",
        "gopd": "^1.0.1",
        "has-property-descriptors": "^1.0.0"
      }
    },
    "delegates": {
      "version": "1.0.0",
      "resolved": "http://r.npm.sankuai.com/delegates/download/delegates-1.0.0.tgz",
      "integrity": "sha1-hMbhWbgZBP3KWaDvRM2HDTElD5o="
    },
    "depd": {
      "version": "2.0.0",
      "resolved": "http://r.npm.sankuai.com/depd/download/depd-2.0.0.tgz",
      "integrity": "sha1-tpYWPMdXVg0JzyLMj60Vcbeedt8="
    },
    "destroy": {
      "version": "1.2.0",
      "resolved": "http://r.npm.sankuai.com/destroy/download/destroy-1.2.0.tgz",
      "integrity": "sha1-SANzVQmti+VSk0xn32FPlOZvoBU="
    },
    "dezalgo": {
      "version": "1.0.4",
      "resolved": "http://r.npm.sankuai.com/dezalgo/download/dezalgo-1.0.4.tgz",
      "integrity": "sha1-dRI1JgRpCEwTIVffqFfzhtTDPYE=",
      "requires": {
        "asap": "^2.0.0",
        "wrappy": "1"
      }
    },
    "dicer": {
      "version": "0.2.5",
      "resolved": "http://r.npm.sankuai.com/dicer/download/dicer-0.2.5.tgz",
      "integrity": "sha1-WZbAhrszIYyBLAkL3cCc0S+stw8=",
      "requires": {
        "readable-stream": "1.1.x",
        "streamsearch": "0.1.2"
      }
    },
    "ee-first": {
      "version": "1.1.1",
      "resolved": "http://r.npm.sankuai.com/ee-first/download/ee-first-1.1.1.tgz",
      "integrity": "sha1-WQxhFWsK4vTwJVcyoViyZrxWsh0="
    },
    "encodeurl": {
      "version": "1.0.2",
      "resolved": "http://r.npm.sankuai.com/encodeurl/download/encodeurl-1.0.2.tgz",
      "integrity": "sha1-rT/0yG7C0CkyL1oCw6mmBslbP1k="
    },
    "escape-html": {
      "version": "1.0.3",
      "resolved": "http://r.npm.sankuai.com/escape-html/download/escape-html-1.0.3.tgz",
      "integrity": "sha1-Aljq5NPQwJdN4cFpGI7wBR0dGYg="
    },
    "formidable": {
      "version": "2.1.1",
      "resolved": "http://r.npm.sankuai.com/formidable/download/formidable-2.1.1.tgz",
      "integrity": "sha1-gSacvqGmEyQASfX2Gp2XcxUXQU8=",
      "requires": {
        "dezalgo": "^1.0.4",
        "hexoid": "^1.0.0",
        "once": "^1.4.0",
        "qs": "^6.11.0"
      }
    },
    "fresh": {
      "version": "0.5.2",
      "resolved": "http://r.npm.sankuai.com/fresh/download/fresh-0.5.2.tgz",
      "integrity": "sha1-PYyt2Q2XZWn6g1qx+OSyOhBWBac="
    },
    "fs.realpath": {
      "version": "1.0.0",
      "resolved": "http://r.npm.sankuai.com/fs.realpath/download/fs.realpath-1.0.0.tgz",
      "integrity": "sha1-FQStJSMVjKpA20onh8sBQRmU6k8="
    },
    "function-bind": {
      "version": "1.1.2",
      "resolved": "http://r.npm.sankuai.com/function-bind/download/function-bind-1.1.2.tgz",
      "integrity": "sha1-LALYZNl/PqbIgwxGTL0Rq26rehw="
    },
    "get-intrinsic": {
      "version": "1.2.2",
      "resolved": "http://r.npm.sankuai.com/get-intrinsic/download/get-intrinsic-1.2.2.tgz",
      "integrity": "sha1-KBt2IpcRI+HvSzyQ/XU5MG2pPzs=",
      "requires": {
        "function-bind": "^1.1.2",
        "has-proto": "^1.0.1",
        "has-symbols": "^1.0.3",
        "hasown": "^2.0.0"
      }
    },
    "glob": {
      "version": "7.2.3",
      "resolved": "http://r.npm.sankuai.com/glob/download/glob-7.2.3.tgz",
      "integrity": "sha1-uN8PuAK7+o6JvR2Ti04WV47UTys=",
      "requires": {
        "fs.realpath": "^1.0.0",
        "inflight": "^1.0.4",
        "inherits": "2",
        "minimatch": "^3.1.1",
        "once": "^1.3.0",
        "path-is-absolute": "^1.0.0"
      }
    },
    "gopd": {
      "version": "1.0.1",
      "resolved": "http://r.npm.sankuai.com/gopd/download/gopd-1.0.1.tgz",
      "integrity": "sha1-Kf923mnax0ibfAkYpXiOVkd8Myw=",
      "requires": {
        "get-intrinsic": "^1.1.3"
      }
    },
    "has-property-descriptors": {
      "version": "1.0.1",
      "resolved": "http://r.npm.sankuai.com/has-property-descriptors/download/has-property-descriptors-1.0.1.tgz",
      "integrity": "sha1-UrowtsXsh/2J+ldLwcORJcb2U0A=",
      "requires": {
        "get-intrinsic": "^1.2.2"
      }
    },
    "has-proto": {
      "version": "1.0.1",
      "resolved": "http://r.npm.sankuai.com/has-proto/download/has-proto-1.0.1.tgz",
      "integrity": "sha1-GIXBMFU4lYr/Rp/vN5N8InlUCOA="
    },
    "has-symbols": {
      "version": "1.0.3",
      "resolved": "http://r.npm.sankuai.com/has-symbols/download/has-symbols-1.0.3.tgz",
      "integrity": "sha1-u3ssQ0klHc6HsSX3vfh0qnyLOfg="
    },
    "has-tostringtag": {
      "version": "1.0.0",
      "resolved": "http://r.npm.sankuai.com/has-tostringtag/download/has-tostringtag-1.0.0.tgz",
      "integrity": "sha1-fhM4GKfTlHNPlB5zw9P5KR5liyU=",
      "requires": {
        "has-symbols": "^1.0.2"
      }
    },
    "hasown": {
      "version": "2.0.0",
      "resolved": "http://r.npm.sankuai.com/hasown/download/hasown-2.0.0.tgz",
      "integrity": "sha1-9MUT1FSle3x+FlB3jeImsRcAVGw=",
      "requires": {
        "function-bind": "^1.1.2"
      }
    },
    "hexoid": {
      "version": "1.0.0",
      "resolved": "http://r.npm.sankuai.com/hexoid/download/hexoid-1.0.0.tgz",
      "integrity": "sha1-rRDGVz+5B94j2exjpxEmfZ3JvBg="
    },
    "http-assert": {
      "version": "1.5.0",
      "resolved": "http://r.npm.sankuai.com/http-assert/download/http-assert-1.5.0.tgz",
      "integrity": "sha1-w4nM2HrBbtLfpiRv1zuSaqAOa48=",
      "requires": {
        "deep-equal": "~1.0.1",
        "http-errors": "~1.8.0"
      }
    },
    "http-errors": {
      "version": "1.8.1",
      "resolved": "http://r.npm.sankuai.com/http-errors/download/http-errors-1.8.1.tgz",
      "integrity": "sha1-fD8oV3y8iiBziEVdvWIpXtB71ow=",
      "requires": {
        "depd": "~1.1.2",
        "inherits": "2.0.4",
        "setprototypeof": "1.2.0",
        "statuses": ">= 1.5.0 < 2",
        "toidentifier": "1.0.1"
      },
      "dependencies": {
        "depd": {
          "version": "1.1.2",
          "resolved": "http://r.npm.sankuai.com/depd/download/depd-1.1.2.tgz",
          "integrity": "sha1-m81S4UwJd2PnSbJ0xDRu0uVgtak="
        }
      }
    },
    "iconv-lite": {
      "version": "0.4.24",
      "resolved": "http://r.npm.sankuai.com/iconv-lite/download/iconv-lite-0.4.24.tgz",
      "integrity": "sha1-ICK0sl+93CHS9SSXSkdKr+czkIs=",
      "requires": {
        "safer-buffer": ">= 2.1.2 < 3"
      }
    },
    "inflation": {
      "version": "2.1.0",
      "resolved": "http://r.npm.sankuai.com/inflation/download/inflation-2.1.0.tgz",
      "integrity": "sha1-khTbEaR+b3VtERxPnflpccYPiGw="
    },
    "inflight": {
      "version": "1.0.6",
      "resolved": "http://r.npm.sankuai.com/inflight/download/inflight-1.0.6.tgz",
      "integrity": "sha1-Sb1jMdfQLQwJvJEKEHW6gWW1bfk=",
      "requires": {
        "once": "^1.3.0",
        "wrappy": "1"
      }
    },
    "inherits": {
      "version": "2.0.4",
      "resolved": "http://r.npm.sankuai.com/inherits/download/inherits-2.0.4.tgz",
      "integrity": "sha1-D6LGT5MpF8NDOg3tVTY6rjdBa3w="
    },
    "is-generator-function": {
      "version": "1.0.10",
      "resolved": "http://r.npm.sankuai.com/is-generator-function/download/is-generator-function-1.0.10.tgz",
      "integrity": "sha1-8VWLrxrBfg3up8BBXEODUf8rPHI=",
      "requires": {
        "has-tostringtag": "^1.0.0"
      }
    },
    "isarray": {
      "version": "0.0.1",
      "resolved": "http://r.npm.sankuai.com/isarray/download/isarray-0.0.1.tgz",
      "integrity": "sha1-ihis/Kmo9Bd+Cav8YDiTmwXR7t8="
    },
    "keygrip": {
      "version": "1.1.0",
      "resolved": "http://r.npm.sankuai.com/keygrip/download/keygrip-1.1.0.tgz",
      "integrity": "sha1-hxsWgdXhWcYqRFsMdLYV4JF+ciY=",
      "requires": {
        "tsscmp": "1.0.6"
      }
    },
    "koa": {
      "version": "2.14.2",
      "resolved": "http://r.npm.sankuai.com/koa/download/koa-2.14.2.tgz",
      "integrity": "sha1-pX+SXAOTHCtNlLGdLr920yRIY/w=",
      "requires": {
        "accepts": "^1.3.5",
        "cache-content-type": "^1.0.0",
        "content-disposition": "~0.5.2",
        "content-type": "^1.0.4",
        "cookies": "~0.8.0",
        "debug": "^4.3.2",
        "delegates": "^1.0.0",
        "depd": "^2.0.0",
        "destroy": "^1.0.4",
        "encodeurl": "^1.0.2",
        "escape-html": "^1.0.3",
        "fresh": "~0.5.2",
        "http-assert": "^1.3.0",
        "http-errors": "^1.6.3",
        "is-generator-function": "^1.0.7",
        "koa-compose": "^4.1.0",
        "koa-convert": "^2.0.0",
        "on-finished": "^2.3.0",
        "only": "~0.0.2",
        "parseurl": "^1.3.2",
        "statuses": "^1.5.0",
        "type-is": "^1.6.16",
        "vary": "^1.1.2"
      }
    },
    "koa-body": {
      "version": "6.0.1",
      "resolved": "http://r.npm.sankuai.com/koa-body/download/koa-body-6.0.1.tgz",
      "integrity": "sha1-RsSQAzzO67KHTFPPuwTEVWLPPIQ=",
      "requires": {
        "@types/co-body": "^6.1.0",
        "@types/formidable": "^2.0.5",
        "@types/koa": "^2.13.5",
        "co-body": "^6.1.0",
        "formidable": "^2.0.1",
        "zod": "^3.19.1"
      }
    },
    "koa-bodyparser": {
      "version": "4.4.1",
      "resolved": "http://r.npm.sankuai.com/koa-bodyparser/download/koa-bodyparser-4.4.1.tgz",
      "integrity": "sha1-qQjYSOFCzFfZ7s5HjpMr8A3OMCk=",
      "requires": {
        "co-body": "^6.0.0",
        "copy-to": "^2.0.1",
        "type-is": "^1.6.18"
      }
    },
    "koa-compose": {
      "version": "4.1.0",
      "resolved": "http://r.npm.sankuai.com/koa-compose/download/koa-compose-4.1.0.tgz",
      "integrity": "sha1-UHMGuTcZAdtBEhyBLpI9DWfT6Hc="
    },
    "koa-controllers": {
      "version": "0.1.6",
      "resolved": "http://r.npm.sankuai.com/koa-controllers/download/koa-controllers-0.1.6.tgz",
      "integrity": "sha1-Q+OMab2WVD5HcFOP4bGipe8zGUk=",
      "requires": {
        "glob": "^7.1.2",
        "koa-bodyparser": "^4.2.0",
        "koa-multer": "^1.0.1",
        "koa-router": "^7.2.0",
        "lodash": "^4.17.4",
        "reflect-metadata": "^0.1.10",
        "source-map-support": "^0.4.15",
        "validator": "^7.0.0"
      },
      "dependencies": {
        "debug": {
          "version": "3.2.7",
          "resolved": "http://r.npm.sankuai.com/debug/download/debug-3.2.7.tgz",
          "integrity": "sha1-clgLfpFF+zm2Z2+cXl+xALk0F5o=",
          "requires": {
            "ms": "^2.1.1"
          }
        },
        "koa-compose": {
          "version": "3.2.1",
          "resolved": "http://r.npm.sankuai.com/koa-compose/download/koa-compose-3.2.1.tgz",
          "integrity": "sha1-qFzLQLfZhtjlo0Wzoazo6rz1Tec=",
          "requires": {
            "any-promise": "^1.1.0"
          }
        },
        "koa-router": {
          "version": "7.4.0",
          "resolved": "http://r.npm.sankuai.com/koa-router/download/koa-router-7.4.0.tgz",
          "integrity": "sha1-ruH3rcAtXLMdfWdGXJ6syCXoxeA=",
          "requires": {
            "debug": "^3.1.0",
            "http-errors": "^1.3.1",
            "koa-compose": "^3.0.0",
            "methods": "^1.0.1",
            "path-to-regexp": "^1.1.1",
            "urijs": "^1.19.0"
          }
        },
        "path-to-regexp": {
          "version": "1.8.0",
          "resolved": "http://r.npm.sankuai.com/path-to-regexp/download/path-to-regexp-1.8.0.tgz",
          "integrity": "sha1-iHs7qdhDk+h6CgufTLdWGYtTVIo=",
          "requires": {
            "isarray": "0.0.1"
          }
        }
      }
    },
    "koa-convert": {
      "version": "2.0.0",
      "resolved": "http://r.npm.sankuai.com/koa-convert/download/koa-convert-2.0.0.tgz",
      "integrity": "sha1-hqDETYHUBVG64i/uZwmQRXPupPU=",
      "requires": {
        "co": "^4.6.0",
        "koa-compose": "^4.1.0"
      }
    },
    "koa-multer": {
      "version": "1.0.2",
      "resolved": "http://r.npm.sankuai.com/koa-multer/download/koa-multer-1.0.2.tgz",
      "integrity": "sha1-049//R25exqtM+d3RzLwAOvWclk=",
      "requires": {
        "multer": "1.3.0"
      }
    },
    "koa-router": {
      "version": "12.0.0",
      "resolved": "http://r.npm.sankuai.com/koa-router/download/koa-router-12.0.0.tgz",
      "integrity": "sha1-lCdt+Meu9CS4Zyiw/0pp3lAFDbw=",
      "requires": {
        "http-errors": "^2.0.0",
        "koa-compose": "^4.1.0",
        "methods": "^1.1.2",
        "path-to-regexp": "^6.2.1"
      },
      "dependencies": {
        "http-errors": {
          "version": "2.0.0",
          "resolved": "http://r.npm.sankuai.com/http-errors/download/http-errors-2.0.0.tgz",
          "integrity": "sha1-t3dKFIbvc892Z6ya4IWMASxXudM=",
          "requires": {
            "depd": "2.0.0",
            "inherits": "2.0.4",
            "setprototypeof": "1.2.0",
            "statuses": "2.0.1",
            "toidentifier": "1.0.1"
          }
        },
        "statuses": {
          "version": "2.0.1",
          "resolved": "http://r.npm.sankuai.com/statuses/download/statuses-2.0.1.tgz",
          "integrity": "sha1-VcsADM8dSHKL0jxoWgY5mM8aG2M="
        }
      }
    },
    "lodash": {
      "version": "4.17.21",
      "resolved": "http://r.npm.sankuai.com/lodash/download/lodash-4.17.21.tgz",
      "integrity": "sha1-Z5WRxWTDv/quhFTPCz3zcMPWkRw="
    },
    "media-typer": {
      "version": "0.3.0",
      "resolved": "http://r.npm.sankuai.com/media-typer/download/media-typer-0.3.0.tgz",
      "integrity": "sha1-hxDXrwqmJvj/+hzgAWhUUmMlV0g="
    },
    "methods": {
      "version": "1.1.2",
      "resolved": "http://r.npm.sankuai.com/methods/download/methods-1.1.2.tgz",
      "integrity": "sha1-VSmk1nZUE07cxSZmVoNbD4Ua/O4="
    },
    "mime-db": {
      "version": "1.52.0",
      "resolved": "http://r.npm.sankuai.com/mime-db/download/mime-db-1.52.0.tgz",
      "integrity": "sha1-u6vNwChZ9JhzAchW4zh85exDv3A="
    },
    "mime-types": {
      "version": "2.1.35",
      "resolved": "http://r.npm.sankuai.com/mime-types/download/mime-types-2.1.35.tgz",
      "integrity": "sha1-OBqHG2KnNEUGYK497uRIE/cNlZo=",
      "requires": {
        "mime-db": "1.52.0"
      }
    },
    "minimatch": {
      "version": "3.1.2",
      "resolved": "http://r.npm.sankuai.com/minimatch/download/minimatch-3.1.2.tgz",
      "integrity": "sha1-Gc0ZS/0+Qo8EmnCBfAONiatL41s=",
      "requires": {
        "brace-expansion": "^1.1.7"
      }
    },
    "minimist": {
      "version": "1.2.8",
      "resolved": "http://r.npm.sankuai.com/minimist/download/minimist-1.2.8.tgz",
      "integrity": "sha1-waRk52kzAuCCoHXO4MBXdBrEdyw="
    },
    "mkdirp": {
      "version": "0.5.6",
      "resolved": "http://r.npm.sankuai.com/mkdirp/download/mkdirp-0.5.6.tgz",
      "integrity": "sha1-fe8D0kMtyuS6HWEURcSDlgYiVfY=",
      "requires": {
        "minimist": "^1.2.6"
      }
    },
    "ms": {
      "version": "2.1.2",
      "resolved": "http://r.npm.sankuai.com/ms/download/ms-2.1.2.tgz",
      "integrity": "sha1-0J0fNXtEP0kzgqjrPM0YOHKuYAk="
    },
    "multer": {
      "version": "1.3.0",
      "resolved": "http://r.npm.sankuai.com/multer/download/multer-1.3.0.tgz",
      "integrity": "sha1-CSsmcPaEb6SRSWXvyM+Uwg/sbNI=",
      "requires": {
        "append-field": "^0.1.0",
        "busboy": "^0.2.11",
        "concat-stream": "^1.5.0",
        "mkdirp": "^0.5.1",
        "object-assign": "^3.0.0",
        "on-finished": "^2.3.0",
        "type-is": "^1.6.4",
        "xtend": "^4.0.0"
      }
    },
    "negotiator": {
      "version": "0.6.3",
      "resolved": "http://r.npm.sankuai.com/negotiator/download/negotiator-0.6.3.tgz",
      "integrity": "sha1-WOMjpy/twNb5zU0x/kn1FHlZDM0="
    },
    "object-assign": {
      "version": "3.0.0",
      "resolved": "http://r.npm.sankuai.com/object-assign/download/object-assign-3.0.0.tgz",
      "integrity": "sha1-m+3VygiXlJvKR+f/QIBi1Un1h/I="
    },
    "object-inspect": {
      "version": "1.13.1",
      "resolved": "http://r.npm.sankuai.com/object-inspect/download/object-inspect-1.13.1.tgz",
      "integrity": "sha1-uWxhCTJMz+9rEiFqlWyk3C/5S8I="
    },
    "on-finished": {
      "version": "2.4.1",
      "resolved": "http://r.npm.sankuai.com/on-finished/download/on-finished-2.4.1.tgz",
      "integrity": "sha1-WMjEQRblSEWtV/FKsQsDUzGErD8=",
      "requires": {
        "ee-first": "1.1.1"
      }
    },
    "once": {
      "version": "1.4.0",
      "resolved": "http://r.npm.sankuai.com/once/download/once-1.4.0.tgz",
      "integrity": "sha1-WDsap3WWHUsROsF9nFC6753Xa9E=",
      "requires": {
        "wrappy": "1"
      }
    },
    "only": {
      "version": "0.0.2",
      "resolved": "http://r.npm.sankuai.com/only/download/only-0.0.2.tgz",
      "integrity": "sha1-Kv3oTQPlC5qO3EROMGEKcCle37Q="
    },
    "parseurl": {
      "version": "1.3.3",
      "resolved": "http://r.npm.sankuai.com/parseurl/download/parseurl-1.3.3.tgz",
      "integrity": "sha1-naGee+6NEt/wUT7Vt2lXeTvC6NQ="
    },
    "path-is-absolute": {
      "version": "1.0.1",
      "resolved": "http://r.npm.sankuai.com/path-is-absolute/download/path-is-absolute-1.0.1.tgz",
      "integrity": "sha1-F0uSaHNVNP+8es5r9TpanhtcX18="
    },
    "path-to-regexp": {
      "version": "6.2.1",
      "resolved": "http://r.npm.sankuai.com/path-to-regexp/download/path-to-regexp-6.2.1.tgz",
      "integrity": "sha1-1Uk01nmOueXvFOeveWLJRZBpGOU="
    },
    "process-nextick-args": {
      "version": "2.0.1",
      "resolved": "http://r.npm.sankuai.com/process-nextick-args/download/process-nextick-args-2.0.1.tgz",
      "integrity": "sha1-eCDZsWEgzFXKmud5JoCufbptf+I="
    },
    "qs": {
      "version": "6.11.2",
      "resolved": "http://r.npm.sankuai.com/qs/download/qs-6.11.2.tgz",
      "integrity": "sha1-ZL6lHxLB9dobwBSW9I/8/3xp19k=",
      "requires": {
        "side-channel": "^1.0.4"
      }
    },
    "raw-body": {
      "version": "2.5.2",
      "resolved": "http://r.npm.sankuai.com/raw-body/download/raw-body-2.5.2.tgz",
      "integrity": "sha1-mf69g7kOCJdQh+jx+UGaFJNmtoo=",
      "requires": {
        "bytes": "3.1.2",
        "http-errors": "2.0.0",
        "iconv-lite": "0.4.24",
        "unpipe": "1.0.0"
      },
      "dependencies": {
        "http-errors": {
          "version": "2.0.0",
          "resolved": "http://r.npm.sankuai.com/http-errors/download/http-errors-2.0.0.tgz",
          "integrity": "sha1-t3dKFIbvc892Z6ya4IWMASxXudM=",
          "requires": {
            "depd": "2.0.0",
            "inherits": "2.0.4",
            "setprototypeof": "1.2.0",
            "statuses": "2.0.1",
            "toidentifier": "1.0.1"
          }
        },
        "statuses": {
          "version": "2.0.1",
          "resolved": "http://r.npm.sankuai.com/statuses/download/statuses-2.0.1.tgz",
          "integrity": "sha1-VcsADM8dSHKL0jxoWgY5mM8aG2M="
        }
      }
    },
    "readable-stream": {
      "version": "1.1.14",
      "resolved": "http://r.npm.sankuai.com/readable-stream/download/readable-stream-1.1.14.tgz",
      "integrity": "sha1-fPTFTvZI44EwhMY23SB54WbAgdk=",
      "requires": {
        "core-util-is": "~1.0.0",
        "inherits": "~2.0.1",
        "isarray": "0.0.1",
        "string_decoder": "~0.10.x"
      }
    },
    "reflect-metadata": {
      "version": "0.1.13",
      "resolved": "http://r.npm.sankuai.com/reflect-metadata/download/reflect-metadata-0.1.13.tgz",
      "integrity": "sha1-Z648pXyXKiqhZCsQ/jY/4y1J3Ag="
    },
    "safe-buffer": {
      "version": "5.2.1",
      "resolved": "http://r.npm.sankuai.com/safe-buffer/download/safe-buffer-5.2.1.tgz",
      "integrity": "sha1-Hq+fqb2x/dTsdfWPnNtOa3gn7sY="
    },
    "safer-buffer": {
      "version": "2.1.2",
      "resolved": "http://r.npm.sankuai.com/safer-buffer/download/safer-buffer-2.1.2.tgz",
      "integrity": "sha1-RPoWGwGHuVSd2Eu5GAL5vYOFzWo="
    },
    "set-function-length": {
      "version": "1.1.1",
      "resolved": "http://r.npm.sankuai.com/set-function-length/download/set-function-length-1.1.1.tgz",
      "integrity": "sha1-S8Ofr7AwciSjPhBqfTXKEhjWWe0=",
      "requires": {
        "define-data-property": "^1.1.1",
        "get-intrinsic": "^1.2.1",
        "gopd": "^1.0.1",
        "has-property-descriptors": "^1.0.0"
      }
    },
    "setprototypeof": {
      "version": "1.2.0",
      "resolved": "http://r.npm.sankuai.com/setprototypeof/download/setprototypeof-1.2.0.tgz",
      "integrity": "sha1-ZsmiSnP5/CjL5msJ/tPTPcrxtCQ="
    },
    "side-channel": {
      "version": "1.0.4",
      "resolved": "http://r.npm.sankuai.com/side-channel/download/side-channel-1.0.4.tgz",
      "integrity": "sha1-785cj9wQTudRslxY1CkAEfpeos8=",
      "requires": {
        "call-bind": "^1.0.0",
        "get-intrinsic": "^1.0.2",
        "object-inspect": "^1.9.0"
      }
    },
    "source-map": {
      "version": "0.5.7",
      "resolved": "http://r.npm.sankuai.com/source-map/download/source-map-0.5.7.tgz",
      "integrity": "sha1-igOdLRAh0i0eoUyA2OpGi6LvP8w="
    },
    "source-map-support": {
      "version": "0.4.18",
      "resolved": "http://r.npm.sankuai.com/source-map-support/download/source-map-support-0.4.18.tgz",
      "integrity": "sha1-Aoam3ovkJkEzhZTpfM6nXwosWF8=",
      "requires": {
        "source-map": "^0.5.6"
      }
    },
    "statuses": {
      "version": "1.5.0",
      "resolved": "http://r.npm.sankuai.com/statuses/download/statuses-1.5.0.tgz",
      "integrity": "sha1-Fhx9rBd2Wf2YEfQ3cfqZOBR4Yow="
    },
    "streamsearch": {
      "version": "0.1.2",
      "resolved": "http://r.npm.sankuai.com/streamsearch/download/streamsearch-0.1.2.tgz",
      "integrity": "sha1-gIudDlb8Jz2Am6VzOOkpkZoanxo="
    },
    "string_decoder": {
      "version": "0.10.31",
      "resolved": "http://r.npm.sankuai.com/string_decoder/download/string_decoder-0.10.31.tgz",
      "integrity": "sha1-YuIDvEF2bGwoyfyEMB2rHFMQ+pQ="
    },
    "toidentifier": {
      "version": "1.0.1",
      "resolved": "http://r.npm.sankuai.com/toidentifier/download/toidentifier-1.0.1.tgz",
      "integrity": "sha1-O+NDIaiKgg7RvYDfqjPkefu43TU="
    },
    "tsscmp": {
      "version": "1.0.6",
      "resolved": "http://r.npm.sankuai.com/tsscmp/download/tsscmp-1.0.6.tgz",
      "integrity": "sha1-hbmVg6w1iexL/vgltQAKqRHWBes="
    },
    "type-is": {
      "version": "1.6.18",
      "resolved": "http://r.npm.sankuai.com/type-is/download/type-is-1.6.18.tgz",
      "integrity": "sha1-TlUs0F3wlGfcvE73Od6J8s83wTE=",
      "requires": {
        "media-typer": "0.3.0",
        "mime-types": "~2.1.24"
      }
    },
    "typedarray": {
      "version": "0.0.6",
      "resolved": "http://r.npm.sankuai.com/typedarray/download/typedarray-0.0.6.tgz",
      "integrity": "sha1-hnrHTjhkGHsdPUfZlqeOxciDB3c="
    },
    "typescript": {
      "version": "5.2.2",
      "resolved": "http://r.npm.sankuai.com/typescript/download/typescript-5.2.2.tgz",
      "integrity": "sha1-XrteWlt18IXyK8P4Rg+6MIMQ+ng="
    },
    "undici-types": {
      "version": "5.26.5",
      "resolved": "http://r.npm.sankuai.com/undici-types/download/undici-types-5.26.5.tgz",
      "integrity": "sha1-vNU5iT0AtW6WT9JlekhmsiGmVhc="
    },
    "unpipe": {
      "version": "1.0.0",
      "resolved": "http://r.npm.sankuai.com/unpipe/download/unpipe-1.0.0.tgz",
      "integrity": "sha1-sr9O6FFKrmFltIF4KdIbLvSZBOw="
    },
    "urijs": {
      "version": "1.19.11",
      "resolved": "http://r.npm.sankuai.com/urijs/download/urijs-1.19.11.tgz",
      "integrity": "sha1-IEsNa2Ba6AvqVL6jkoDNt8n5I8w="
    },
    "util-deprecate": {
      "version": "1.0.2",
      "resolved": "http://r.npm.sankuai.com/util-deprecate/download/util-deprecate-1.0.2.tgz",
      "integrity": "sha1-RQ1Nyfpw3nMnYvvS1KKJgUGaDM8="
    },
    "validator": {
      "version": "7.2.0",
      "resolved": "http://r.npm.sankuai.com/validator/download/validator-7.2.0.tgz",
      "integrity": "sha1-pj3Lq6UdQ1C/jfIJiODVpU1xF5E="
    },
    "vary": {
      "version": "1.1.2",
      "resolved": "http://r.npm.sankuai.com/vary/download/vary-1.1.2.tgz",
      "integrity": "sha1-IpnwLG3tMNSllhsLn3RSShj2NPw="
    },
    "wrappy": {
      "version": "1.0.2",
      "resolved": "http://r.npm.sankuai.com/wrappy/download/wrappy-1.0.2.tgz",
      "integrity": "sha1-tSQ9jz7BqjXxNkYFvA0QNuMKtp8="
    },
    "xtend": {
      "version": "4.0.2",
      "resolved": "http://r.npm.sankuai.com/xtend/download/xtend-4.0.2.tgz",
      "integrity": "sha1-u3J3n1+kZRhrH0OPZ0+jR/2121Q="
    },
    "ylru": {
      "version": "1.3.2",
      "resolved": "http://r.npm.sankuai.com/ylru/download/ylru-1.3.2.tgz",
      "integrity": "sha1-DeSAF0cydaTL38g6Hq9nwBr4p4U="
    },
    "zod": {
      "version": "3.22.4",
      "resolved": "http://r.npm.sankuai.com/zod/download/zod-3.22.4.tgz",
      "integrity": "sha1-8xw6k4b2Gx8iivVvqpJV6EXPP/8="
    }
  }
}
