# THIS IS AN AUTOGENERATED FILE. DO NOT EDIT THIS FILE DIRECTLY.
# yarn lockfile v1


"@ai-sdk/deepseek@^0.1.17":
  version "0.1.17"
  resolved "https://registry.npmjs.org/@ai-sdk/deepseek/-/deepseek-0.1.17.tgz"
  integrity sha512-UGVPYJSgV8Z4mbEUhqh/uRM2mBUS5VoWA3MUN+gg4xPjh3IvwQwVHAYWNzEhmlTbySIv3DE6x7oTyuS73gHGbg==
  dependencies:
    "@ai-sdk/openai-compatible" "0.1.17"
    "@ai-sdk/provider" "1.0.12"
    "@ai-sdk/provider-utils" "2.1.15"

"@ai-sdk/google@^1.1.10":
  version "1.1.10"
  resolved "https://registry.npmjs.org/@ai-sdk/google/-/google-1.1.10.tgz"
  integrity sha512-g65cKrs2ZjpNMOD9OvE9J/Xt1SxPu00IsWn4npYe56nU4YqVydsPBG4PyUKgDr9KXdrnFEoXYmWxkJeTe/m4hA==
  dependencies:
    "@ai-sdk/provider" "1.0.7"
    "@ai-sdk/provider-utils" "2.1.6"

"@ai-sdk/openai-compatible@0.1.17":
  version "0.1.17"
  resolved "https://registry.npmjs.org/@ai-sdk/openai-compatible/-/openai-compatible-0.1.17.tgz"
  integrity sha512-e60+yxQ29e8RlsTWBW4kLuQJMpVJzH5+cpOeUXLXU6M9wc8BOQCyYg4jYh2ldnfvYCKXYxb2kYeLW7L9fqhhMw==
  dependencies:
    "@ai-sdk/provider" "1.0.12"
    "@ai-sdk/provider-utils" "2.1.15"

"@ai-sdk/openai@^1.1.9":
  version "1.1.9"
  resolved "https://registry.npmjs.org/@ai-sdk/openai/-/openai-1.1.9.tgz"
  integrity sha512-t/CpC4TLipdbgBJTMX/otzzqzCMBSPQwUOkYPGbT/jyuC86F+YO9o+LS0Ty2pGUE1kyT+B3WmJ318B16ZCg4hw==
  dependencies:
    "@ai-sdk/provider" "1.0.7"
    "@ai-sdk/provider-utils" "2.1.6"

"@ai-sdk/provider-utils@2.1.15":
  version "2.1.15"
  resolved "https://registry.npmjs.org/@ai-sdk/provider-utils/-/provider-utils-2.1.15.tgz"
  integrity sha512-ndMVtDm2xS86t45CJZSfyl7UblZFewRB8gZkXQHeNi7BhjCYkhE+XQMwfDl6UOAO7kaV60IC1R4JLDWxWiiHug==
  dependencies:
    "@ai-sdk/provider" "1.0.12"
    eventsource-parser "^3.0.0"
    nanoid "^3.3.8"
    secure-json-parse "^2.7.0"

"@ai-sdk/provider-utils@2.1.5":
  version "2.1.5"
  resolved "http://r.npm.sankuai.com/@ai-sdk/provider-utils/download/@ai-sdk/provider-utils-2.1.5.tgz"
  integrity sha1-rM7KKb7x7ThVeJGXw7WH4mD5ldQ=
  dependencies:
    "@ai-sdk/provider" "1.0.6"
    eventsource-parser "^3.0.0"
    nanoid "^3.3.8"
    secure-json-parse "^2.7.0"

"@ai-sdk/provider-utils@2.1.6":
  version "2.1.6"
  resolved "http://r.npm.sankuai.com/@ai-sdk/provider-utils/download/@ai-sdk/provider-utils-2.1.6.tgz"
  integrity sha1-Wyv/LUT/qOxikQnqKyjSp1KBBLQ=
  dependencies:
    "@ai-sdk/provider" "1.0.7"
    eventsource-parser "^3.0.0"
    nanoid "^3.3.8"
    secure-json-parse "^2.7.0"

"@ai-sdk/provider@1.0.12":
  version "1.0.12"
  resolved "https://registry.npmjs.org/@ai-sdk/provider/-/provider-1.0.12.tgz"
  integrity sha512-88Uu1zJIE1UUOVJWfE2ybJXgiH8JJ97QY9fbmplErEbfa/k/1kF+tWMVAAJolF2aOGmazQGyQLhv4I9CCuVACw==
  dependencies:
    json-schema "^0.4.0"

"@ai-sdk/provider@1.0.6":
  version "1.0.6"
  resolved "http://r.npm.sankuai.com/@ai-sdk/provider/download/@ai-sdk/provider-1.0.6.tgz"
  integrity sha1-q35TpIos7+e9WTWQphGyzhJGW8M=
  dependencies:
    json-schema "^0.4.0"

"@ai-sdk/provider@1.0.7":
  version "1.0.7"
  resolved "http://r.npm.sankuai.com/@ai-sdk/provider/download/@ai-sdk/provider-1.0.7.tgz"
  integrity sha1-ZuB0B2eBU7UUrr8/HDwDXl6DM4A=
  dependencies:
    json-schema "^0.4.0"

"@ai-sdk/react@1.1.10":
  version "1.1.10"
  resolved "http://r.npm.sankuai.com/@ai-sdk/react/download/@ai-sdk/react-1.1.10.tgz"
  integrity sha1-31sqU5t6kC5oUxh5nYOdkfujhn0=
  dependencies:
    "@ai-sdk/provider-utils" "2.1.6"
    "@ai-sdk/ui-utils" "1.1.10"
    swr "^2.2.5"
    throttleit "2.1.0"

"@ai-sdk/ui-utils@1.1.10":
  version "1.1.10"
  resolved "http://r.npm.sankuai.com/@ai-sdk/ui-utils/download/@ai-sdk/ui-utils-1.1.10.tgz"
  integrity sha1-aUaJ43HB95AF2KBlHU5J0rdYYAQ=
  dependencies:
    "@ai-sdk/provider" "1.0.7"
    "@ai-sdk/provider-utils" "2.1.6"
    zod-to-json-schema "^3.24.1"

"@cspotcode/source-map-support@^0.8.0":
  version "0.8.1"
  resolved "http://r.npm.sankuai.com/@cspotcode/source-map-support/download/@cspotcode/source-map-support-0.8.1.tgz"
  integrity sha1-AGKcNaaI4FqIsc2mhPudXnPwAKE=
  dependencies:
    "@jridgewell/trace-mapping" "0.3.9"

"@jridgewell/resolve-uri@^3.0.3":
  version "3.1.2"
  resolved "http://r.npm.sankuai.com/@jridgewell/resolve-uri/download/@jridgewell/resolve-uri-3.1.2.tgz"
  integrity sha1-eg7mAfYPmaIMfHxf8MgDiMEYm9Y=

"@jridgewell/sourcemap-codec@^1.4.10":
  version "1.5.0"
  resolved "http://r.npm.sankuai.com/@jridgewell/sourcemap-codec/download/@jridgewell/sourcemap-codec-1.5.0.tgz"
  integrity sha1-MYi8snOkFLDSFf0ipYVAuYm5QJo=

"@jridgewell/trace-mapping@0.3.9":
  version "0.3.9"
  resolved "http://r.npm.sankuai.com/@jridgewell/trace-mapping/download/@jridgewell/trace-mapping-0.3.9.tgz"
  integrity sha1-ZTT9WTOlO6fL86F2FeJzoNEnP/k=
  dependencies:
    "@jridgewell/resolve-uri" "^3.0.3"
    "@jridgewell/sourcemap-codec" "^1.4.10"

"@openrouter/ai-sdk-provider@^0.2.1":
  version "0.2.1"
  resolved "https://registry.npmjs.org/@openrouter/ai-sdk-provider/-/ai-sdk-provider-0.2.1.tgz"
  integrity sha512-Iz+wpGR6001OfbYPp+VmXFZBNpF6a3uN5gzgEBkNCqwZUzuYANO03d4eSgqFrDvfsenG7eE9hpKHB4zIg8YmKA==
  dependencies:
    "@ai-sdk/provider" "1.0.6"
    "@ai-sdk/provider-utils" "2.1.5"

"@opentelemetry/api@1.9.0":
  version "1.9.0"
  resolved "http://r.npm.sankuai.com/@opentelemetry/api/download/@opentelemetry/api-1.9.0.tgz"
  integrity sha1-0D66aCc9wPdQnio9XLoh6uEDef4=

"@tsconfig/node10@^1.0.7":
  version "1.0.11"
  resolved "http://r.npm.sankuai.com/@tsconfig/node10/download/@tsconfig/node10-1.0.11.tgz"
  integrity sha1-buRkAGhfEw4ngSjHs4t+Ax/1svI=

"@tsconfig/node12@^1.0.7":
  version "1.0.11"
  resolved "http://r.npm.sankuai.com/@tsconfig/node12/download/@tsconfig/node12-1.0.11.tgz"
  integrity sha1-7j3vHyfZ7WbaxuRqKVz/sBUuBY0=

"@tsconfig/node14@^1.0.0":
  version "1.0.3"
  resolved "http://r.npm.sankuai.com/@tsconfig/node14/download/@tsconfig/node14-1.0.3.tgz"
  integrity sha1-5DhjFihPALmENb9A9y91oJ2r9sE=

"@tsconfig/node16@^1.0.2":
  version "1.0.4"
  resolved "http://r.npm.sankuai.com/@tsconfig/node16/download/@tsconfig/node16-1.0.4.tgz"
  integrity sha1-C5LcwMwcgfbzBqOB8o4xsaVlNuk=

"@types/diff-match-patch@^1.0.36":
  version "1.0.36"
  resolved "http://r.npm.sankuai.com/@types/diff-match-patch/download/@types/diff-match-patch-1.0.36.tgz"
  integrity sha1-3O8Qpp01f+nUOsT/Lsprhdv0Zq8=

"@types/node@^22.13.1":
  version "22.13.1"
  resolved "http://r.npm.sankuai.com/@types/node/download/@types/node-22.13.1.tgz"
  integrity sha1-oqP++963umuJ9ANxhCFi+sCTTzM=
  dependencies:
    undici-types "~6.20.0"

acorn-walk@^8.1.1:
  version "8.3.4"
  resolved "http://r.npm.sankuai.com/acorn-walk/download/acorn-walk-8.3.4.tgz"
  integrity sha1-eU3RacOXft9LpOpHWDWHxYZiNrc=
  dependencies:
    acorn "^8.11.0"

acorn@^8.11.0, acorn@^8.4.1:
  version "8.14.0"
  resolved "http://r.npm.sankuai.com/acorn/download/acorn-8.14.0.tgz"
  integrity sha1-Bj4scMrF+09kZ/CxEVLgTGgnlbA=

ai@^4.1.24:
  version "4.1.24"
  resolved "http://r.npm.sankuai.com/ai/download/ai-4.1.24.tgz"
  integrity sha1-XJCjcI2rnVLKeYNUBCQEAJtLgvg=
  dependencies:
    "@ai-sdk/provider" "1.0.7"
    "@ai-sdk/provider-utils" "2.1.6"
    "@ai-sdk/react" "1.1.10"
    "@ai-sdk/ui-utils" "1.1.10"
    "@opentelemetry/api" "1.9.0"
    jsondiffpatch "0.6.0"

arg@^4.1.0:
  version "4.1.3"
  resolved "http://r.npm.sankuai.com/arg/download/arg-4.1.3.tgz"
  integrity sha1-Jp/HrVuOQstjyJbVZmAXJhwUQIk=

chalk@^5.3.0:
  version "5.4.1"
  resolved "http://r.npm.sankuai.com/chalk/download/chalk-5.4.1.tgz"
  integrity sha1-G0i/CWPsFY3OKqz2nAk64t0gktg=

create-require@^1.1.0:
  version "1.1.1"
  resolved "http://r.npm.sankuai.com/create-require/download/create-require-1.1.1.tgz"
  integrity sha1-wdfo8eX2z8n/ZfnNNS03NIdWwzM=

dequal@^2.0.3:
  version "2.0.3"
  resolved "http://r.npm.sankuai.com/dequal/download/dequal-2.0.3.tgz"
  integrity sha1-JkQhTxmX057Q7g7OcjNUkKesZ74=

diff-match-patch@^1.0.5:
  version "1.0.5"
  resolved "http://r.npm.sankuai.com/diff-match-patch/download/diff-match-patch-1.0.5.tgz"
  integrity sha1-q7WE1fEM0Rlt/FWqA3AVkq4/ezc=

diff@^4.0.1:
  version "4.0.2"
  resolved "http://r.npm.sankuai.com/diff/download/diff-4.0.2.tgz"
  integrity sha1-YPOuy4nV+uUgwRqhnvwruYKq3n0=

eventsource-parser@^3.0.0:
  version "3.0.0"
  resolved "http://r.npm.sankuai.com/eventsource-parser/download/eventsource-parser-3.0.0.tgz"
  integrity sha1-kwPjA++AfSee4hChfOgPFjANn1c=

json-schema@^0.4.0:
  version "0.4.0"
  resolved "http://r.npm.sankuai.com/json-schema/download/json-schema-0.4.0.tgz"
  integrity sha1-995M9u+rg4666zI2R0y7paGTCrU=

jsondiffpatch@0.6.0:
  version "0.6.0"
  resolved "http://r.npm.sankuai.com/jsondiffpatch/download/jsondiffpatch-0.6.0.tgz"
  integrity sha1-2qaiW+3wgwl0yBVFVo1fZxyCVR8=
  dependencies:
    "@types/diff-match-patch" "^1.0.36"
    chalk "^5.3.0"
    diff-match-patch "^1.0.5"

make-error@^1.1.1:
  version "1.3.6"
  resolved "http://r.npm.sankuai.com/make-error/download/make-error-1.3.6.tgz"
  integrity sha1-LrLjfqm2fEiR9oShOUeZr0hM96I=

nanoid@^3.3.8:
  version "3.3.8"
  resolved "http://r.npm.sankuai.com/nanoid/download/nanoid-3.3.8.tgz"
  integrity sha1-sb4wML7jaq/xi6yzdeXM5SFoS68=

secure-json-parse@^2.7.0:
  version "2.7.0"
  resolved "http://r.npm.sankuai.com/secure-json-parse/download/secure-json-parse-2.7.0.tgz"
  integrity sha1-Wl+c1q5H3yPboxUe3QaFXUfgmGI=

swr@^2.2.5:
  version "2.3.2"
  resolved "http://r.npm.sankuai.com/swr/download/swr-2.3.2.tgz"
  integrity sha1-58TrcRXn/3NORFrQA26XgS3ZUZE=
  dependencies:
    dequal "^2.0.3"
    use-sync-external-store "^1.4.0"

throttleit@2.1.0:
  version "2.1.0"
  resolved "http://r.npm.sankuai.com/throttleit/download/throttleit-2.1.0.tgz"
  integrity sha1-p+SqC/SEWlvRDao56gx4P2MaB7Q=

ts-node@^10.9.2:
  version "10.9.2"
  resolved "http://r.npm.sankuai.com/ts-node/download/ts-node-10.9.2.tgz"
  integrity sha1-cPAhyeGFvM3Kgg4m3EE4BcEBxx8=
  dependencies:
    "@cspotcode/source-map-support" "^0.8.0"
    "@tsconfig/node10" "^1.0.7"
    "@tsconfig/node12" "^1.0.7"
    "@tsconfig/node14" "^1.0.0"
    "@tsconfig/node16" "^1.0.2"
    acorn "^8.4.1"
    acorn-walk "^8.1.1"
    arg "^4.1.0"
    create-require "^1.1.0"
    diff "^4.0.1"
    make-error "^1.1.1"
    v8-compile-cache-lib "^3.0.1"
    yn "3.1.1"

typescript@^5.7.3:
  version "5.7.3"
  resolved "http://r.npm.sankuai.com/typescript/download/typescript-5.7.3.tgz"
  integrity sha1-kZtEp9u4WDqbhW0WK+JKVL+ABz4=

undici-types@~6.20.0:
  version "6.20.0"
  resolved "http://r.npm.sankuai.com/undici-types/download/undici-types-6.20.0.tgz"
  integrity sha1-gXG/IsH1iNFVTVW/IEvGJK84hDM=

use-sync-external-store@^1.4.0:
  version "1.4.0"
  resolved "http://r.npm.sankuai.com/use-sync-external-store/download/use-sync-external-store-1.4.0.tgz"
  integrity sha1-rbx5XY7rRwKZYwFs79+J3Hmfzrw=

v8-compile-cache-lib@^3.0.1:
  version "3.0.1"
  resolved "http://r.npm.sankuai.com/v8-compile-cache-lib/download/v8-compile-cache-lib-3.0.1.tgz"
  integrity sha1-Yzbo1xllyz01obu3hoRFp8BSZL8=

yn@3.1.1:
  version "3.1.1"
  resolved "http://r.npm.sankuai.com/yn/download/yn-3.1.1.tgz"
  integrity sha1-HodAGgnXZ8HV6rJqbkwYUYLS61A=

zod-to-json-schema@^3.24.1:
  version "3.24.1"
  resolved "http://r.npm.sankuai.com/zod-to-json-schema/download/zod-to-json-schema-3.24.1.tgz"
  integrity sha1-8IxnJQkarav/qCC6jVDHq1J/Ino=

zod@^3.24.1:
  version "3.24.1"
  resolved "http://r.npm.sankuai.com/zod/download/zod-3.24.1.tgz"
  integrity sha1-J0RckSc4yK0eneG+oDWfpE2dNe4=
